
Microsoft Visual Studio Solution File, Format Version 12.00
# Visual Studio Version 16
VisualStudioVersion = 16.0.30611.23
MinimumVisualStudioVersion = 10.0.40219.1
Project("{FAE04EC0-301F-11D3-BF4B-00C04F79EFBC}") = "IDServer", "IDServer\IDServer.csproj", "{A981BD26-73F3-46BB-BAE4-02E0203E1233}"
EndProject
Project("{FAE04EC0-301F-11D3-BF4B-00C04F79EFBC}") = "WebApi", "WebApi\WebApi.csproj", "{5179930C-A93A-49E3-9429-B061B4AF6B5F}"
EndProject
Project("{FAE04EC0-301F-11D3-BF4B-00C04F79EFBC}") = "WebClient", "WebClient\WebClient.csproj", "{0FC48CC6-625E-4362-806C-7448D904F5CC}"
EndProject
Global
	GlobalSection(SolutionConfigurationPlatforms) = preSolution
		Debug|Any CPU = Debug|Any CPU
		Release|Any CPU = Release|Any CPU
	EndGlobalSection
	GlobalSection(ProjectConfigurationPlatforms) = postSolution
		{A981BD26-73F3-46BB-BAE4-02E0203E1233}.Debug|Any CPU.ActiveCfg = Debug|Any CPU
		{A981BD26-73F3-46BB-BAE4-02E0203E1233}.Debug|Any CPU.Build.0 = Debug|Any CPU
		{A981BD26-73F3-46BB-BAE4-02E0203E1233}.Release|Any CPU.ActiveCfg = Release|Any CPU
		{A981BD26-73F3-46BB-BAE4-02E0203E1233}.Release|Any CPU.Build.0 = Release|Any CPU
		{5179930C-A93A-49E3-9429-B061B4AF6B5F}.Debug|Any CPU.ActiveCfg = Debug|Any CPU
		{5179930C-A93A-49E3-9429-B061B4AF6B5F}.Debug|Any CPU.Build.0 = Debug|Any CPU
		{5179930C-A93A-49E3-9429-B061B4AF6B5F}.Release|Any CPU.ActiveCfg = Release|Any CPU
		{5179930C-A93A-49E3-9429-B061B4AF6B5F}.Release|Any CPU.Build.0 = Release|Any CPU
		{0FC48CC6-625E-4362-806C-7448D904F5CC}.Debug|Any CPU.ActiveCfg = Debug|Any CPU
		{0FC48CC6-625E-4362-806C-7448D904F5CC}.Debug|Any CPU.Build.0 = Debug|Any CPU
		{0FC48CC6-625E-4362-806C-7448D904F5CC}.Release|Any CPU.ActiveCfg = Release|Any CPU
		{0FC48CC6-625E-4362-806C-7448D904F5CC}.Release|Any CPU.Build.0 = Release|Any CPU
	EndGlobalSection
	GlobalSection(SolutionProperties) = preSolution
		HideSolutionNode = FALSE
	EndGlobalSection
	GlobalSection(ExtensibilityGlobals) = postSolution
		SolutionGuid = {5E9E236F-71B6-40CE-ABDE-1954F8F789F9}
	EndGlobalSection
EndGlobal
